
Microsoft Visual Studio Solution File, Format Version 9.00
# Visual Studio 2005 Tools for Applications
Project("{FAE04EC0-301F-11D3-BF4B-00C04F79EFBC}") = "cantilever_exp", "SwMacro\cantilever_exp.csproj", "{B2E122B1-59FB-48FA-B334-2D9FBC3ACD21}"
EndProject
Global
	GlobalSection(SolutionConfigurationPlatforms) = preSolution
		Debug|Any CPU = Debug|Any CPU
		Release|Any CPU = Release|Any CPU
	EndGlobalSection
	GlobalSection(ProjectConfigurationPlatforms) = postSolution
		{B2E122B1-59FB-48FA-B334-2D9FBC3ACD21}.Debug|Any CPU.ActiveCfg = Debug|Any CPU
		{B2E122B1-59FB-48FA-B334-2D9FBC3ACD21}.Debug|Any CPU.Build.0 = Debug|Any CPU
		{B2E122B1-59FB-48FA-B334-2D9FBC3ACD21}.Release|Any CPU.ActiveCfg = Release|Any CPU
		{B2E122B1-59FB-48FA-B334-2D9FBC3ACD21}.Release|Any CPU.Build.0 = Release|Any CPU
	EndGlobalSection
	GlobalSection(SolutionProperties) = preSolution
		HideSolutionNode = FALSE
	EndGlobalSection
EndGlobal
